
Microsoft Visual Studio Solution File, Format Version 12.00
# Visual Studio Version 16
VisualStudioVersion = 16.0.29215.179
MinimumVisualStudioVersion = 10.0.40219.1
Project("{9A19103F-16F7-4668-BE54-9A1E7A4F7556}") = "GeneratePDF.Tests", "GeneratePDF.Tests.csproj", "{8057AF19-F5D3-4799-9E8C-4D3093FB041B}"
EndProject
Global
	GlobalSection(SolutionConfigurationPlatforms) = preSolution
		Debug|Any CPU = Debug|Any CPU
		Release|Any CPU = Release|Any CPU
	EndGlobalSection
	GlobalSection(ProjectConfigurationPlatforms) = postSolution
		{8057AF19-F5D3-4799-9E8C-4D3093FB041B}.Debug|Any CPU.ActiveCfg = Debug|Any CPU
		{8057AF19-F5D3-4799-9E8C-4D3093FB041B}.Debug|Any CPU.Build.0 = Debug|Any CPU
		{8057AF19-F5D3-4799-9E8C-4D3093FB041B}.Release|Any CPU.ActiveCfg = Release|Any CPU
		{8057AF19-F5D3-4799-9E8C-4D3093FB041B}.Release|Any CPU.Build.0 = Release|Any CPU
	EndGlobalSection
	GlobalSection(SolutionProperties) = preSolution
		HideSolutionNode = FALSE
	EndGlobalSection
	GlobalSection(ExtensibilityGlobals) = postSolution
		SolutionGuid = {CAB02781-CC0E-4D4C-AD68-FEF114D1C0BF}
	EndGlobalSection
EndGlobal
